
Microsoft Visual Studio Solution File, Format Version 12.00
# Visual Studio 15
VisualStudioVersion = 15.0.26124.0
MinimumVisualStudioVersion = 15.0.26124.0
Project("{2150E333-8FDC-42A3-9474-1A3956D46DE8}") = "src", "src", "{3A535361-59B7-4207-84B6-129008C54F90}"
EndProject
Project("{FAE04EC0-301F-11D3-BF4B-00C04F79EFBC}") = "Togglo.API.ToggloService", "src\Togglo.API.ToggloService\Togglo.API.ToggloService.csproj", "{2DABB055-1555-4DF9-ADAC-6F983A2FD8D6}"
EndProject
Project("{FAE04EC0-301F-11D3-BF4B-00C04F79EFBC}") = "Togglo.Core.Data", "src\Togglo.Core.Data\Togglo.Core.Data.csproj", "{072270FB-468E-44B8-AC0C-50C294C164BF}"
EndProject
Project("{FAE04EC0-301F-11D3-BF4B-00C04F79EFBC}") = "Togglo.Core.Data.Model", "src\Togglo.Core.Data.Model\Togglo.Core.Data.Model.csproj", "{5EC74C74-E1A6-40F1-A735-137FBBC8F31F}"
EndProject
Project("{FAE04EC0-301F-11D3-BF4B-00C04F79EFBC}") = "Togglo.Core.Extension", "src\Togglo.Core.Extension\Togglo.Core.Extension.csproj", "{C89600D5-F352-4D57-B599-CDE26887FB39}"
EndProject
Project("{FAE04EC0-301F-11D3-BF4B-00C04F79EFBC}") = "Togglo.Core.Service", "src\Togglo.Core.Service\Togglo.Core.Service.csproj", "{BDED362C-9F9D-47A4-A816-3CEF2BE887F5}"
EndProject
Project("{2150E333-8FDC-42A3-9474-1A3956D46DE8}") = "tests", "tests", "{F2147CC1-B97A-4FBF-ADFB-9A89687A9153}"
EndProject
Project("{FAE04EC0-301F-11D3-BF4B-00C04F79EFBC}") = "Togglo.API.ToggloService.Tests", "tests\Togglo.API.ToggloService.Tests\Togglo.API.ToggloService.Tests.csproj", "{8BDA5442-BCA1-4527-8D14-29EEA8CF6478}"
EndProject
Project("{FAE04EC0-301F-11D3-BF4B-00C04F79EFBC}") = "Togglo.Core.Data.Model.Tests", "tests\Togglo.Core.Data.Model.Tests\Togglo.Core.Data.Model.Tests.csproj", "{A17E01C6-6E5B-441F-A939-D3E431CB7666}"
EndProject
Global
	GlobalSection(SolutionConfigurationPlatforms) = preSolution
		Debug|Any CPU = Debug|Any CPU
		Debug|x64 = Debug|x64
		Debug|x86 = Debug|x86
		Release|Any CPU = Release|Any CPU
		Release|x64 = Release|x64
		Release|x86 = Release|x86
	EndGlobalSection
	GlobalSection(SolutionProperties) = preSolution
		HideSolutionNode = FALSE
	EndGlobalSection
	GlobalSection(ProjectConfigurationPlatforms) = postSolution
		{2DABB055-1555-4DF9-ADAC-6F983A2FD8D6}.Debug|Any CPU.ActiveCfg = Debug|Any CPU
		{2DABB055-1555-4DF9-ADAC-6F983A2FD8D6}.Debug|Any CPU.Build.0 = Debug|Any CPU
		{2DABB055-1555-4DF9-ADAC-6F983A2FD8D6}.Debug|x64.ActiveCfg = Debug|Any CPU
		{2DABB055-1555-4DF9-ADAC-6F983A2FD8D6}.Debug|x64.Build.0 = Debug|Any CPU
		{2DABB055-1555-4DF9-ADAC-6F983A2FD8D6}.Debug|x86.ActiveCfg = Debug|Any CPU
		{2DABB055-1555-4DF9-ADAC-6F983A2FD8D6}.Debug|x86.Build.0 = Debug|Any CPU
		{2DABB055-1555-4DF9-ADAC-6F983A2FD8D6}.Release|Any CPU.ActiveCfg = Release|Any CPU
		{2DABB055-1555-4DF9-ADAC-6F983A2FD8D6}.Release|Any CPU.Build.0 = Release|Any CPU
		{2DABB055-1555-4DF9-ADAC-6F983A2FD8D6}.Release|x64.ActiveCfg = Release|Any CPU
		{2DABB055-1555-4DF9-ADAC-6F983A2FD8D6}.Release|x64.Build.0 = Release|Any CPU
		{2DABB055-1555-4DF9-ADAC-6F983A2FD8D6}.Release|x86.ActiveCfg = Release|Any CPU
		{2DABB055-1555-4DF9-ADAC-6F983A2FD8D6}.Release|x86.Build.0 = Release|Any CPU
		{072270FB-468E-44B8-AC0C-50C294C164BF}.Debug|Any CPU.ActiveCfg = Debug|Any CPU
		{072270FB-468E-44B8-AC0C-50C294C164BF}.Debug|Any CPU.Build.0 = Debug|Any CPU
		{072270FB-468E-44B8-AC0C-50C294C164BF}.Debug|x64.ActiveCfg = Debug|Any CPU
		{072270FB-468E-44B8-AC0C-50C294C164BF}.Debug|x64.Build.0 = Debug|Any CPU
		{072270FB-468E-44B8-AC0C-50C294C164BF}.Debug|x86.ActiveCfg = Debug|Any CPU
		{072270FB-468E-44B8-AC0C-50C294C164BF}.Debug|x86.Build.0 = Debug|Any CPU
		{072270FB-468E-44B8-AC0C-50C294C164BF}.Release|Any CPU.ActiveCfg = Release|Any CPU
		{072270FB-468E-44B8-AC0C-50C294C164BF}.Release|Any CPU.Build.0 = Release|Any CPU
		{072270FB-468E-44B8-AC0C-50C294C164BF}.Release|x64.ActiveCfg = Release|Any CPU
		{072270FB-468E-44B8-AC0C-50C294C164BF}.Release|x64.Build.0 = Release|Any CPU
		{072270FB-468E-44B8-AC0C-50C294C164BF}.Release|x86.ActiveCfg = Release|Any CPU
		{072270FB-468E-44B8-AC0C-50C294C164BF}.Release|x86.Build.0 = Release|Any CPU
		{5EC74C74-E1A6-40F1-A735-137FBBC8F31F}.Debug|Any CPU.ActiveCfg = Debug|Any CPU
		{5EC74C74-E1A6-40F1-A735-137FBBC8F31F}.Debug|Any CPU.Build.0 = Debug|Any CPU
		{5EC74C74-E1A6-40F1-A735-137FBBC8F31F}.Debug|x64.ActiveCfg = Debug|Any CPU
		{5EC74C74-E1A6-40F1-A735-137FBBC8F31F}.Debug|x64.Build.0 = Debug|Any CPU
		{5EC74C74-E1A6-40F1-A735-137FBBC8F31F}.Debug|x86.ActiveCfg = Debug|Any CPU
		{5EC74C74-E1A6-40F1-A735-137FBBC8F31F}.Debug|x86.Build.0 = Debug|Any CPU
		{5EC74C74-E1A6-40F1-A735-137FBBC8F31F}.Release|Any CPU.ActiveCfg = Release|Any CPU
		{5EC74C74-E1A6-40F1-A735-137FBBC8F31F}.Release|Any CPU.Build.0 = Release|Any CPU
		{5EC74C74-E1A6-40F1-A735-137FBBC8F31F}.Release|x64.ActiveCfg = Release|Any CPU
		{5EC74C74-E1A6-40F1-A735-137FBBC8F31F}.Release|x64.Build.0 = Release|Any CPU
		{5EC74C74-E1A6-40F1-A735-137FBBC8F31F}.Release|x86.ActiveCfg = Release|Any CPU
		{5EC74C74-E1A6-40F1-A735-137FBBC8F31F}.Release|x86.Build.0 = Release|Any CPU
		{C89600D5-F352-4D57-B599-CDE26887FB39}.Debug|Any CPU.ActiveCfg = Debug|Any CPU
		{C89600D5-F352-4D57-B599-CDE26887FB39}.Debug|Any CPU.Build.0 = Debug|Any CPU
		{C89600D5-F352-4D57-B599-CDE26887FB39}.Debug|x64.ActiveCfg = Debug|Any CPU
		{C89600D5-F352-4D57-B599-CDE26887FB39}.Debug|x64.Build.0 = Debug|Any CPU
		{C89600D5-F352-4D57-B599-CDE26887FB39}.Debug|x86.ActiveCfg = Debug|Any CPU
		{C89600D5-F352-4D57-B599-CDE26887FB39}.Debug|x86.Build.0 = Debug|Any CPU
		{C89600D5-F352-4D57-B599-CDE26887FB39}.Release|Any CPU.ActiveCfg = Release|Any CPU
		{C89600D5-F352-4D57-B599-CDE26887FB39}.Release|Any CPU.Build.0 = Release|Any CPU
		{C89600D5-F352-4D57-B599-CDE26887FB39}.Release|x64.ActiveCfg = Release|Any CPU
		{C89600D5-F352-4D57-B599-CDE26887FB39}.Release|x64.Build.0 = Release|Any CPU
		{C89600D5-F352-4D57-B599-CDE26887FB39}.Release|x86.ActiveCfg = Release|Any CPU
		{C89600D5-F352-4D57-B599-CDE26887FB39}.Release|x86.Build.0 = Release|Any CPU
		{BDED362C-9F9D-47A4-A816-3CEF2BE887F5}.Debug|Any CPU.ActiveCfg = Debug|Any CPU
		{BDED362C-9F9D-47A4-A816-3CEF2BE887F5}.Debug|Any CPU.Build.0 = Debug|Any CPU
		{BDED362C-9F9D-47A4-A816-3CEF2BE887F5}.Debug|x64.ActiveCfg = Debug|Any CPU
		{BDED362C-9F9D-47A4-A816-3CEF2BE887F5}.Debug|x64.Build.0 = Debug|Any CPU
		{BDED362C-9F9D-47A4-A816-3CEF2BE887F5}.Debug|x86.ActiveCfg = Debug|Any CPU
		{BDED362C-9F9D-47A4-A816-3CEF2BE887F5}.Debug|x86.Build.0 = Debug|Any CPU
		{BDED362C-9F9D-47A4-A816-3CEF2BE887F5}.Release|Any CPU.ActiveCfg = Release|Any CPU
		{BDED362C-9F9D-47A4-A816-3CEF2BE887F5}.Release|Any CPU.Build.0 = Release|Any CPU
		{BDED362C-9F9D-47A4-A816-3CEF2BE887F5}.Release|x64.ActiveCfg = Release|Any CPU
		{BDED362C-9F9D-47A4-A816-3CEF2BE887F5}.Release|x64.Build.0 = Release|Any CPU
		{BDED362C-9F9D-47A4-A816-3CEF2BE887F5}.Release|x86.ActiveCfg = Release|Any CPU
		{BDED362C-9F9D-47A4-A816-3CEF2BE887F5}.Release|x86.Build.0 = Release|Any CPU
		{8BDA5442-BCA1-4527-8D14-29EEA8CF6478}.Debug|Any CPU.ActiveCfg = Debug|Any CPU
		{8BDA5442-BCA1-4527-8D14-29EEA8CF6478}.Debug|Any CPU.Build.0 = Debug|Any CPU
		{8BDA5442-BCA1-4527-8D14-29EEA8CF6478}.Debug|x64.ActiveCfg = Debug|Any CPU
		{8BDA5442-BCA1-4527-8D14-29EEA8CF6478}.Debug|x64.Build.0 = Debug|Any CPU
		{8BDA5442-BCA1-4527-8D14-29EEA8CF6478}.Debug|x86.ActiveCfg = Debug|Any CPU
		{8BDA5442-BCA1-4527-8D14-29EEA8CF6478}.Debug|x86.Build.0 = Debug|Any CPU
		{8BDA5442-BCA1-4527-8D14-29EEA8CF6478}.Release|Any CPU.ActiveCfg = Release|Any CPU
		{8BDA5442-BCA1-4527-8D14-29EEA8CF6478}.Release|Any CPU.Build.0 = Release|Any CPU
		{8BDA5442-BCA1-4527-8D14-29EEA8CF6478}.Release|x64.ActiveCfg = Release|Any CPU
		{8BDA5442-BCA1-4527-8D14-29EEA8CF6478}.Release|x64.Build.0 = Release|Any CPU
		{8BDA5442-BCA1-4527-8D14-29EEA8CF6478}.Release|x86.ActiveCfg = Release|Any CPU
		{8BDA5442-BCA1-4527-8D14-29EEA8CF6478}.Release|x86.Build.0 = Release|Any CPU
		{A17E01C6-6E5B-441F-A939-D3E431CB7666}.Debug|Any CPU.ActiveCfg = Debug|Any CPU
		{A17E01C6-6E5B-441F-A939-D3E431CB7666}.Debug|Any CPU.Build.0 = Debug|Any CPU
		{A17E01C6-6E5B-441F-A939-D3E431CB7666}.Debug|x64.ActiveCfg = Debug|Any CPU
		{A17E01C6-6E5B-441F-A939-D3E431CB7666}.Debug|x64.Build.0 = Debug|Any CPU
		{A17E01C6-6E5B-441F-A939-D3E431CB7666}.Debug|x86.ActiveCfg = Debug|Any CPU
		{A17E01C6-6E5B-441F-A939-D3E431CB7666}.Debug|x86.Build.0 = Debug|Any CPU
		{A17E01C6-6E5B-441F-A939-D3E431CB7666}.Release|Any CPU.ActiveCfg = Release|Any CPU
		{A17E01C6-6E5B-441F-A939-D3E431CB7666}.Release|Any CPU.Build.0 = Release|Any CPU
		{A17E01C6-6E5B-441F-A939-D3E431CB7666}.Release|x64.ActiveCfg = Release|Any CPU
		{A17E01C6-6E5B-441F-A939-D3E431CB7666}.Release|x64.Build.0 = Release|Any CPU
		{A17E01C6-6E5B-441F-A939-D3E431CB7666}.Release|x86.ActiveCfg = Release|Any CPU
		{A17E01C6-6E5B-441F-A939-D3E431CB7666}.Release|x86.Build.0 = Release|Any CPU
	EndGlobalSection
	GlobalSection(NestedProjects) = preSolution
		{2DABB055-1555-4DF9-ADAC-6F983A2FD8D6} = {3A535361-59B7-4207-84B6-129008C54F90}
		{072270FB-468E-44B8-AC0C-50C294C164BF} = {3A535361-59B7-4207-84B6-129008C54F90}
		{5EC74C74-E1A6-40F1-A735-137FBBC8F31F} = {3A535361-59B7-4207-84B6-129008C54F90}
		{C89600D5-F352-4D57-B599-CDE26887FB39} = {3A535361-59B7-4207-84B6-129008C54F90}
		{BDED362C-9F9D-47A4-A816-3CEF2BE887F5} = {3A535361-59B7-4207-84B6-129008C54F90}
		{8BDA5442-BCA1-4527-8D14-29EEA8CF6478} = {F2147CC1-B97A-4FBF-ADFB-9A89687A9153}
		{A17E01C6-6E5B-441F-A939-D3E431CB7666} = {F2147CC1-B97A-4FBF-ADFB-9A89687A9153}
	EndGlobalSection
EndGlobal
